
Microsoft Visual Studio Solution File, Format Version 12.00
# Visual Studio Version 16
VisualStudioVersion = 16.0.32106.194
MinimumVisualStudioVersion = 10.0.40219.1
Project("{FAE04EC0-301F-11D3-BF4B-00C04F79EFBC}") = "Rocky", "Rocky\Rocky.csproj", "{290802D4-3C0A-4FB0-BF30-24946F2BEFDB}"
EndProject
Global
	GlobalSection(SolutionConfigurationPlatforms) = preSolution
		Debug|Any CPU = Debug|Any CPU
		Release|Any CPU = Release|Any CPU
	EndGlobalSection
	GlobalSection(ProjectConfigurationPlatforms) = postSolution
		{290802D4-3C0A-4FB0-BF30-24946F2BEFDB}.Debug|Any CPU.ActiveCfg = Debug|Any CPU
		{290802D4-3C0A-4FB0-BF30-24946F2BEFDB}.Debug|Any CPU.Build.0 = Debug|Any CPU
		{290802D4-3C0A-4FB0-BF30-24946F2BEFDB}.Release|Any CPU.ActiveCfg = Release|Any CPU
		{290802D4-3C0A-4FB0-BF30-24946F2BEFDB}.Release|Any CPU.Build.0 = Release|Any CPU
	EndGlobalSection
	GlobalSection(SolutionProperties) = preSolution
		HideSolutionNode = FALSE
	EndGlobalSection
	GlobalSection(ExtensibilityGlobals) = postSolution
		SolutionGuid = {D25879BB-CBDD-4AD3-9D5E-E503AC66F6AE}
	EndGlobalSection
EndGlobal
